hash: 9da6dd329940c0150ac087e3127c5506e8156acd109e566a42644f3f8e0f0fdc
updated: 2017-04-05T16:00:17.594495177-07:00
imports:
- name: github.com/hashicorp/vault
  version: 614deacfca3f3b7162bbf30a36d6fc7362cd47f0
  subpackages:
  - api
testImports:
- name: github.com/gopherjs/gopherjs
  version: 3496c6f94e1b945f3fc9580f6982675c0a74cd6c
  subpackages:
  - js
- name: github.com/jtolds/gls
  version: bb0351aa7eb6f322f32667d51375f26a2bca6628
- name: github.com/smartystreets/assertions
  version: c9ee7d9e9a2aeec0bee7c4a516f3e0ad7cb7e558
  subpackages:
  - internal/go-render/render
  - internal/oglematchers
- name: github.com/smartystreets/goconvey
  version: d4c757aa9afd1e2fc1832aaab209b5794eb336e1
  subpackages:
  - convey
  - convey/gotest
  - convey/reporting
